
Microsoft Visual Studio Solution File, Format Version 12.00
# Visual Studio Version 17
VisualStudioVersion = 17.8.34322.80
MinimumVisualStudioVersion = 10.0.40219.1
Project("{FAE04EC0-301F-11D3-BF4B-00C04F79EFBC}") = "HabitAqui", "HabitAqui.csproj", "{D6C3E145-6B23-43DB-B6B0-838930C8B0CD}"
EndProject
Global
	GlobalSection(SolutionConfigurationPlatforms) = preSolution
		Debug|Any CPU = Debug|Any CPU
		Release|Any CPU = Release|Any CPU
	EndGlobalSection
	GlobalSection(ProjectConfigurationPlatforms) = postSolution
		{D6C3E145-6B23-43DB-B6B0-838930C8B0CD}.Debug|Any CPU.ActiveCfg = Debug|Any CPU
		{D6C3E145-6B23-43DB-B6B0-838930C8B0CD}.Debug|Any CPU.Build.0 = Debug|Any CPU
		{D6C3E145-6B23-43DB-B6B0-838930C8B0CD}.Release|Any CPU.ActiveCfg = Release|Any CPU
		{D6C3E145-6B23-43DB-B6B0-838930C8B0CD}.Release|Any CPU.Build.0 = Release|Any CPU
	EndGlobalSection
	GlobalSection(SolutionProperties) = preSolution
		HideSolutionNode = FALSE
	EndGlobalSection
	GlobalSection(ExtensibilityGlobals) = postSolution
		SolutionGuid = {5BF423A2-7C68-45E1-9F4E-7B498E44663C}
	EndGlobalSection
EndGlobal
